{
  "object": {
    "pins": [
      {
        "package": "SwiftSuperellipse",
        "repositoryURL": "https://github.com/tokorom/SwiftSuperellipse",
        "state": {
          "branch": null,
          "revision": "0a5b0c199aa8f0d61cf15f0d5e75a01fa177c9d1",
          "version": "1.0.1"
        }
      }
    ]
  },
  "version": 1
}
