{
  "object": {
    "pins": [
      {
        "package": "SwiftSuperellipse",
        "repositoryURL": "https://github.com/tokorom/SwiftSuperellipse",
        "state": {
          "branch": null,
          "revision": "76724b2ca1953dfcc567bdbfe39c6cc12973bb62",
          "version": "0.0.4"
        }
      }
    ]
  },
  "version": 1
}
