{
  "object": {
    "pins": [
      {
        "package": "SwiftSuperellipse",
        "repositoryURL": "https://github.com/tokorom/SwiftSuperellipse",
        "state": {
          "branch": null,
          "revision": "46544fe973835adc464dcd8c0e5ab52560fe51f6",
          "version": "1.0.2"
        }
      }
    ]
  },
  "version": 1
}
