// !$*UTF8*$!
{
	archiveVersion = 1;
	classes = {
	};
	objectVersion = 52;
	objects = {

/* Begin PBXBuildFile section */
		F31B6DE325C3D9AB00DC4D1E /* SwiftSuperellipse in Frameworks */ = {isa = PBXBuildFile; productRef = F31B6DE225C3D9AB00DC4D1E /* SwiftSuperellipse */; };
		F3EA0BAB25C3AF1E00C879EA /* AppDelegate.swift in Sources */ = {isa = PBXBuildFile; fileRef = F3EA0BAA25C3AF1E00C879EA /* AppDelegate.swift */; };
		F3EA0BAD25C3AF1E00C879EA /* SceneDelegate.swift in Sources */ = {isa = PBXBuildFile; fileRef = F3EA0BAC25C3AF1E00C879EA /* SceneDelegate.swift */; };
		F3EA0BAF25C3AF1E00C879EA /* ViewController.swift in Sources */ = {isa = PBXBuildFile; fileRef = F3EA0BAE25C3AF1E00C879EA /* ViewController.swift */; };
		F3EA0BB225C3AF1E00C879EA /* Main.storyboard in Resources */ = {isa = PBXBuildFile; fileRef = F3EA0BB025C3AF1E00C879EA /* Main.storyboard */; };
		F3EA0BB425C3AF1E00C879EA /* Assets.xcassets in Resources */ = {isa = PBXBuildFile; fileRef = F3EA0BB325C3AF1E00C879EA /* Assets.xcassets */; };
		F3EA0BB725C3AF1E00C879EA /* LaunchScreen.storyboard in Resources */ = {isa = PBXBuildFile; fileRef = F3EA0BB525C3AF1E00C879EA /* LaunchScreen.storyboard */; };
/* End PBXBuildFile section */

/* Begin PBXFileReference section */
		F3EA0BA725C3AF1E00C879EA /* SampleApp.app */ = {isa = PBXFileReference; explicitFileType = wrapper.application; includeInIndex = 0; path = SampleApp.app; sourceTree = BUILT_PRODUCTS_DIR; };
		F3EA0BAA25C3AF1E00C879EA /* AppDelegate.swift */ = {isa = PBXFileReference; lastKnownFileType = sourcecode.swift; path = AppDelegate.swift; sourceTree = "<group>"; };
		F3EA0BAC25C3AF1E00C879EA /* SceneDelegate.swift */ = {isa = PBXFileReference; lastKnownFileType = sourcecode.swift; path = SceneDelegate.swift; sourceTree = "<group>"; };
		F3EA0BAE25C3AF1E00C879EA /* ViewController.swift */ = {isa = PBXFileReference; lastKnownFileType = sourcecode.swift; path = ViewController.swift; sourceTree = "<group>"; };
		F3EA0BB125C3AF1E00C879EA /* Base */ = {isa = PBXFileReference; lastKnownFileType = file.storyboard; name = Base; path = Base.lproj/Main.storyboard; sourceTree = "<group>"; };
		F3EA0BB325C3AF1E00C879EA /* Assets.xcassets */ = {isa = PBXFileReference; lastKnownFileType = folder.assetcatalog; path = Assets.xcassets; sourceTree = "<group>"; };
		F3EA0BB625C3AF1E00C879EA /* Base */ = {isa = PBXFileReference; lastKnownFileType = file.storyboard; name = Base; path = Base.lproj/LaunchScreen.storyboard; sourceTree = "<group>"; };
		F3EA0BB825C3AF1E00C879EA /* Info.plist */ = {isa = PBXFileReference; lastKnownFileType = text.plist.xml; path = Info.plist; sourceTree = "<group>"; };
/* End PBXFileReference section */

/* Begin PBXFrameworksBuildPhase section */
		F3EA0BA425C3AF1E00C879EA /* Frameworks */ = {
			isa = PBXFrameworksBuildPhase;
			buildActionMask = 2147483647;
			files = (
				F31B6DE325C3D9AB00DC4D1E /* SwiftSuperellipse in Frameworks */,
			);
			runOnlyForDeploymentPostprocessing = 0;
		};
/* End PBXFrameworksBuildPhase section */

/* Begin PBXGroup section */
		F3EA0B9E25C3AF1E00C879EA = {
			isa = PBXGroup;
			children = (
				F3EA0BA925C3AF1E00C879EA /* SampleApp */,
				F3EA0BA825C3AF1E00C879EA /* Products */,
			);
			sourceTree = "<group>";
		};
		F3EA0BA825C3AF1E00C879EA /* Products */ = {
			isa = PBXGroup;
			children = (
				F3EA0BA725C3AF1E00C879EA /* SampleApp.app */,
			);
			name = Products;
			sourceTree = "<group>";
		};
		F3EA0BA925C3AF1E00C879EA /* SampleApp */ = {
			isa = PBXGroup;
			children = (
				F3EA0BAA25C3AF1E00C879EA /* AppDelegate.swift */,
				F3EA0BAC25C3AF1E00C879EA /* SceneDelegate.swift */,
				F3EA0BAE25C3AF1E00C879EA /* ViewController.swift */,
				F3EA0BB025C3AF1E00C879EA /* Main.storyboard */,
				F3EA0BB325C3AF1E00C879EA /* Assets.xcassets */,
				F3EA0BB525C3AF1E00C879EA /* LaunchScreen.storyboard */,
				F3EA0BB825C3AF1E00C879EA /* Info.plist */,
			);
			path = SampleApp;
			sourceTree = "<group>";
		};
/* End PBXGroup section */

/* Begin PBXNativeTarget section */
		F3EA0BA625C3AF1E00C879EA /* SampleApp */ = {
			isa = PBXNativeTarget;
			buildConfigurationList = F3EA0BBB25C3AF1E00C879EA /* Build configuration list for PBXNativeTarget "SampleApp" */;
			buildPhases = (
				F3EA0BA325C3AF1E00C879EA /* Sources */,
				F3EA0BA425C3AF1E00C879EA /* Frameworks */,
				F3EA0BA525C3AF1E00C879EA /* Resources */,
			);
			buildRules = (
			);
			dependencies = (
			);
			name = SampleApp;
			packageProductDependencies = (
				F31B6DE225C3D9AB00DC4D1E /* SwiftSuperellipse */,
			);
			productName = SampleApp;
			productReference = F3EA0BA725C3AF1E00C879EA /* SampleApp.app */;
			productType = "com.apple.product-type.application";
		};
/* End PBXNativeTarget section */

/* Begin PBXProject section */
		F3EA0B9F25C3AF1E00C879EA /* Project object */ = {
			isa = PBXProject;
			attributes = {
				LastSwiftUpdateCheck = 1230;
				LastUpgradeCheck = 1230;
				TargetAttributes = {
					F3EA0BA625C3AF1E00C879EA = {
						CreatedOnToolsVersion = 12.3;
					};
				};
			};
			buildConfigurationList = F3EA0BA225C3AF1E00C879EA /* Build configuration list for PBXProject "SampleApp" */;
			compatibilityVersion = "Xcode 9.3";
			developmentRegion = en;
			hasScannedForEncodings = 0;
			knownRegions = (
				en,
				Base,
			);
			mainGroup = F3EA0B9E25C3AF1E00C879EA;
			packageReferences = (
				F31B6DE125C3D9AB00DC4D1E /* XCRemoteSwiftPackageReference "SwiftSuperellipse" */,
			);
			productRefGroup = F3EA0BA825C3AF1E00C879EA /* Products */;
			projectDirPath = "";
			projectRoot = "";
			targets = (
				F3EA0BA625C3AF1E00C879EA /* SampleApp */,
			);
		};
/* End PBXProject section */

/* Begin PBXResourcesBuildPhase section */
		F3EA0BA525C3AF1E00C879EA /* Resources */ = {
			isa = PBXResourcesBuildPhase;
			buildActionMask = 2147483647;
			files = (
				F3EA0BB725C3AF1E00C879EA /* LaunchScreen.storyboard in Resources */,
				F3EA0BB425C3AF1E00C879EA /* Assets.xcassets in Resources */,
				F3EA0BB225C3AF1E00C879EA /* Main.storyboard in Resources */,
			);
			runOnlyForDeploymentPostprocessing = 0;
		};
/* End PBXResourcesBuildPhase section */

/* Begin PBXSourcesBuildPhase section */
		F3EA0BA325C3AF1E00C879EA /* Sources */ = {
			isa = PBXSourcesBuildPhase;
			buildActionMask = 2147483647;
			files = (
				F3EA0BAF25C3AF1E00C879EA /* ViewController.swift in Sources */,
				F3EA0BAB25C3AF1E00C879EA /* AppDelegate.swift in Sources */,
				F3EA0BAD25C3AF1E00C879EA /* SceneDelegate.swift in Sources */,
			);
			runOnlyForDeploymentPostprocessing = 0;
		};
/* End PBXSourcesBuildPhase section */

/* Begin PBXVariantGroup section */
		F3EA0BB025C3AF1E00C879EA /* Main.storyboard */ = {
			isa = PBXVariantGroup;
			children = (
				F3EA0BB125C3AF1E00C879EA /* Base */,
			);
			name = Main.storyboard;
			sourceTree = "<group>";
		};
		F3EA0BB525C3AF1E00C879EA /* LaunchScreen.storyboard */ = {
			isa = PBXVariantGroup;
			children = (
				F3EA0BB625C3AF1E00C879EA /* Base */,
			);
			name = LaunchScreen.storyboard;
			sourceTree = "<group>";
		};
/* End PBXVariantGroup section */

/* Begin XCBuildConfiguration section */
		F3EA0BB925C3AF1E00C879EA /* Debug */ = {
			isa = XCBuildConfiguration;
			buildSettings = {
				ALWAYS_SEARCH_USER_PATHS = NO;
				CLANG_ANALYZER_NONNULL = YES;
				CLANG_ANALYZER_NUMBER_OBJECT_CONVERSION = YES_AGGRESSIVE;
				CLANG_CXX_LANGUAGE_STANDARD = "gnu++14";
				CLANG_CXX_LIBRARY = "libc++";
				CLANG_ENABLE_MODULES = YES;
				CLANG_ENABLE_OBJC_ARC = YES;
				CLANG_ENABLE_OBJC_WEAK = YES;
				CLANG_WARN_BLOCK_CAPTURE_AUTORELEASING = YES;
				CLANG_WARN_BOOL_CONVERSION = YES;
				CLANG_WARN_COMMA = YES;
				CLANG_WARN_CONSTANT_CONVERSION = YES;
				CLANG_WARN_DEPRECATED_OBJC_IMPLEMENTATIONS = YES;
				CLANG_WARN_DIRECT_OBJC_ISA_USAGE = YES_ERROR;
				CLANG_WARN_DOCUMENTATION_COMMENTS = YES;
				CLANG_WARN_EMPTY_BODY = YES;
				CLANG_WARN_ENUM_CONVERSION = YES;
				CLANG_WARN_INFINITE_RECURSION = YES;
				CLANG_WARN_INT_CONVERSION = YES;
				CLANG_WARN_NON_LITERAL_NULL_CONVERSION = YES;
				CLANG_WARN_OBJC_IMPLICIT_RETAIN_SELF = YES;
				CLANG_WARN_OBJC_LITERAL_CONVERSION = YES;
				CLANG_WARN_OBJC_ROOT_CLASS = YES_ERROR;
				CLANG_WARN_QUOTED_INCLUDE_IN_FRAMEWORK_HEADER = YES;
				CLANG_WARN_RANGE_LOOP_ANALYSIS = YES;
				CLANG_WARN_STRICT_PROTOTYPES = YES;
				CLANG_WARN_SUSPICIOUS_MOVE = YES;
				CLANG_WARN_UNGUARDED_AVAILABILITY = YES_AGGRESSIVE;
				CLANG_WARN_UNREACHABLE_CODE = YES;
				CLANG_WARN__DUPLICATE_METHOD_MATCH = YES;
				COPY_PHASE_STRIP = NO;
				DEBUG_INFORMATION_FORMAT = dwarf;
				ENABLE_STRICT_OBJC_MSGSEND = YES;
				ENABLE_TESTABILITY = YES;
				GCC_C_LANGUAGE_STANDARD = gnu11;
				GCC_DYNAMIC_NO_PIC = NO;
				GCC_NO_COMMON_BLOCKS = YES;
				GCC_OPTIMIZATION_LEVEL = 0;
				GCC_PREPROCESSOR_DEFINITIONS = (
					"DEBUG=1",
					"$(inherited)",
				);
				GCC_WARN_64_TO_32_BIT_CONVERSION = YES;
				GCC_WARN_ABOUT_RETURN_TYPE = YES_ERROR;
				GCC_WARN_UNDECLARED_SELECTOR = YES;
				GCC_WARN_UNINITIALIZED_AUTOS = YES_AGGRESSIVE;
				GCC_WARN_UNUSED_FUNCTION = YES;
				GCC_WARN_UNUSED_VARIABLE = YES;
				IPHONEOS_DEPLOYMENT_TARGET = 14.3;
				MTL_ENABLE_DEBUG_INFO = INCLUDE_SOURCE;
				MTL_FAST_MATH = YES;
				ONLY_ACTIVE_ARCH = YES;
				SDKROOT = iphoneos;
				SWIFT_ACTIVE_COMPILATION_CONDITIONS = DEBUG;
				SWIFT_OPTIMIZATION_LEVEL = "-Onone";
			};
			name = Debug;
		};
		F3EA0BBA25C3AF1E00C879EA /* Release */ = {
			isa = XCBuildConfiguration;
			buildSettings = {
				ALWAYS_SEARCH_USER_PATHS = NO;
				CLANG_ANALYZER_NONNULL = YES;
				CLANG_ANALYZER_NUMBER_OBJECT_CONVERSION = YES_AGGRESSIVE;
				CLANG_CXX_LANGUAGE_STANDARD = "gnu++14";
				CLANG_CXX_LIBRARY = "libc++";
				CLANG_ENABLE_MODULES = YES;
				CLANG_ENABLE_OBJC_ARC = YES;
				CLANG_ENABLE_OBJC_WEAK = YES;
				CLANG_WARN_BLOCK_CAPTURE_AUTORELEASING = YES;
				CLANG_WARN_BOOL_CONVERSION = YES;
				CLANG_WARN_COMMA = YES;
				CLANG_WARN_CONSTANT_CONVERSION = YES;
				CLANG_WARN_DEPRECATED_OBJC_IMPLEMENTATIONS = YES;
				CLANG_WARN_DIRECT_OBJC_ISA_USAGE = YES_ERROR;
				CLANG_WARN_DOCUMENTATION_COMMENTS = YES;
				CLANG_WARN_EMPTY_BODY = YES;
				CLANG_WARN_ENUM_CONVERSION = YES;
				CLANG_WARN_INFINITE_RECURSION = YES;
				CLANG_WARN_INT_CONVERSION = YES;
				CLANG_WARN_NON_LITERAL_NULL_CONVERSION = YES;
				CLANG_WARN_OBJC_IMPLICIT_RETAIN_SELF = YES;
				CLANG_WARN_OBJC_LITERAL_CONVERSION = YES;
				CLANG_WARN_OBJC_ROOT_CLASS = YES_ERROR;
				CLANG_WARN_QUOTED_INCLUDE_IN_FRAMEWORK_HEADER = YES;
				CLANG_WARN_RANGE_LOOP_ANALYSIS = YES;
				CLANG_WARN_STRICT_PROTOTYPES = YES;
				CLANG_WARN_SUSPICIOUS_MOVE = YES;
				CLANG_WARN_UNGUARDED_AVAILABILITY = YES_AGGRESSIVE;
				CLANG_WARN_UNREACHABLE_CODE = YES;
				CLANG_WARN__DUPLICATE_METHOD_MATCH = YES;
				COPY_PHASE_STRIP = NO;
				DEBUG_INFORMATION_FORMAT = "dwarf-with-dsym";
				ENABLE_NS_ASSERTIONS = NO;
				ENABLE_STRICT_OBJC_MSGSEND = YES;
				GCC_C_LANGUAGE_STANDARD = gnu11;
				GCC_NO_COMMON_BLOCKS = YES;
				GCC_WARN_64_TO_32_BIT_CONVERSION = YES;
				GCC_WARN_ABOUT_RETURN_TYPE = YES_ERROR;
				GCC_WARN_UNDECLARED_SELECTOR = YES;
				GCC_WARN_UNINITIALIZED_AUTOS = YES_AGGRESSIVE;
				GCC_WARN_UNUSED_FUNCTION = YES;
				GCC_WARN_UNUSED_VARIABLE = YES;
				IPHONEOS_DEPLOYMENT_TARGET = 14.3;
				MTL_ENABLE_DEBUG_INFO = NO;
				MTL_FAST_MATH = YES;
				SDKROOT = iphoneos;
				SWIFT_COMPILATION_MODE = wholemodule;
				SWIFT_OPTIMIZATION_LEVEL = "-O";
				VALIDATE_PRODUCT = YES;
			};
			name = Release;
		};
		F3EA0BBC25C3AF1E00C879EA /* Debug */ = {
			isa = XCBuildConfiguration;
			buildSettings = {
				ASSETCATALOG_COMPILER_APPICON_NAME = AppIcon;
				ASSETCATALOG_COMPILER_GLOBAL_ACCENT_COLOR_NAME = AccentColor;
				CODE_SIGN_STYLE = Automatic;
				DEVELOPMENT_TEAM = 5AXCX2DUCQ;
				INFOPLIST_FILE = SampleApp/Info.plist;
				LD_RUNPATH_SEARCH_PATHS = (
					"$(inherited)",
					"@executable_path/Frameworks",
				);
				PRODUCT_BUNDLE_IDENTIFIER = "work.spinners.swift-superellipse.SampleApp";
				PRODUCT_NAME = "$(TARGET_NAME)";
				SWIFT_VERSION = 5.0;
				TARGETED_DEVICE_FAMILY = "1,2";
			};
			name = Debug;
		};
		F3EA0BBD25C3AF1E00C879EA /* Release */ = {
			isa = XCBuildConfiguration;
			buildSettings = {
				ASSETCATALOG_COMPILER_APPICON_NAME = AppIcon;
				ASSETCATALOG_COMPILER_GLOBAL_ACCENT_COLOR_NAME = AccentColor;
				CODE_SIGN_STYLE = Automatic;
				DEVELOPMENT_TEAM = 5AXCX2DUCQ;
				INFOPLIST_FILE = SampleApp/Info.plist;
				LD_RUNPATH_SEARCH_PATHS = (
					"$(inherited)",
					"@executable_path/Frameworks",
				);
				PRODUCT_BUNDLE_IDENTIFIER = "work.spinners.swift-superellipse.SampleApp";
				PRODUCT_NAME = "$(TARGET_NAME)";
				SWIFT_VERSION = 5.0;
				TARGETED_DEVICE_FAMILY = "1,2";
			};
			name = Release;
		};
/* End XCBuildConfiguration section */

/* Begin XCConfigurationList section */
		F3EA0BA225C3AF1E00C879EA /* Build configuration list for PBXProject "SampleApp" */ = {
			isa = XCConfigurationList;
			buildConfigurations = (
				F3EA0BB925C3AF1E00C879EA /* Debug */,
				F3EA0BBA25C3AF1E00C879EA /* Release */,
			);
			defaultConfigurationIsVisible = 0;
			defaultConfigurationName = Release;
		};
		F3EA0BBB25C3AF1E00C879EA /* Build configuration list for PBXNativeTarget "SampleApp" */ = {
			isa = XCConfigurationList;
			buildConfigurations = (
				F3EA0BBC25C3AF1E00C879EA /* Debug */,
				F3EA0BBD25C3AF1E00C879EA /* Release */,
			);
			defaultConfigurationIsVisible = 0;
			defaultConfigurationName = Release;
		};
/* End XCConfigurationList section */

/* Begin XCRemoteSwiftPackageReference section */
		F31B6DE125C3D9AB00DC4D1E /* XCRemoteSwiftPackageReference "SwiftSuperellipse" */ = {
			isa = XCRemoteSwiftPackageReference;
			repositoryURL = "https://github.com/tokorom/SwiftSuperellipse";
			requirement = {
				kind = upToNextMajorVersion;
				minimumVersion = 0.0.4;
			};
		};
/* End XCRemoteSwiftPackageReference section */

/* Begin XCSwiftPackageProductDependency section */
		F31B6DE225C3D9AB00DC4D1E /* SwiftSuperellipse */ = {
			isa = XCSwiftPackageProductDependency;
			package = F31B6DE125C3D9AB00DC4D1E /* XCRemoteSwiftPackageReference "SwiftSuperellipse" */;
			productName = SwiftSuperellipse;
		};
/* End XCSwiftPackageProductDependency section */
	};
	rootObject = F3EA0B9F25C3AF1E00C879EA /* Project object */;
}
